{
    "_meta": {
        "hash": {
            "sha256": "16670a2b844aabed0f0e22ac8f9ff1f55d23c0d6b15cc7e506b2700e683a8e96"
        },
        "pipfile-spec": 6,
        "requires": {
            "python_version": "3.11"
        },
        "sources": [
            {
                "name": "pypi",
                "url": "https://pypi.org/simple",
                "verify_ssl": true
            }
        ]
    },
    "default": {
        "av": {
            "hashes": [
                "sha256:04cd0ce13a87870fb0a0ea4673f04934af2b9ac7ae844eafe92e2c19c092ab11",
                "sha256:0577a38664e453b4ffb63d616a0d23c295827b16ae96a090e89527a753de8718",
                "sha256:07c971573035d22ce50069d3f2bbdb4d6d02d626ab13db12fda3ce519cda3f22",
                "sha256:088636ded03724a2ab51136f6f4be0bc457bdb3c0d2ac7158792fe81150d4c1a",
                "sha256:0f9c88062ebfd2ce547c522b64f79e487ed2b0a6a9d6693c801b28df0d944607",
                "sha256:10facb5b933551dd6a30d8015bc91eef5d1c864ee86aa3463ffbaff1a99f6c6a",
                "sha256:115e144d5a1f205378a4b3a3657b7ed3e45918ebe5d2003a891e45984e8f443a",
                "sha256:1301e4cf1a2c899851073720cd541066c8539b64f9eb0d52216f8d0a59f20429",
                "sha256:13fe0b48b9211539323ecebbf84154c86c72d16723c6d0af76e29ae5c3a614b2",
                "sha256:157bde3ffd1615a9006b56e4daf3b46848d3ee2bd46b0394f7568e43ed7ab5a9",
                "sha256:16bd82b63d0b4c1b855b3c36b13337f7cdc5925bd8284fab893bdf6c290fc3a9",
                "sha256:1b459ca0ef25c1a0e370112556bdc5b7752f76dc9bd497acaf3e653171e4b946",
                "sha256:1cdede2325cb750b5bf79238bbf06f9c2a70b757b12726003769a43493b7233a",
                "sha256:27d6d38c7c8d46d578c008ffcb8aad1eae14d0621fff41f4ad62395589045fe4",
                "sha256:3dac2a8b0791c3373270e32f6cd27e6b60628565a188e40a5d9660d3aab05e33",
                "sha256:51037f4bde03daf924236af4f444e17345792ad7f6f70760a5e5863407e14f2b",
                "sha256:63dbafcd02415127d97509523bc285f1ab260988f87b744d7fb1baee6ffbdf96",
                "sha256:69fd5a38395191a0f4b71adf31057ff177c9f0762914d73d8797742339ad67d0",
                "sha256:7a7d6e2b3fbda6464f74fe010dbcff361394bb014b0cb4aa4dc9f2bb713ce882",
                "sha256:7c579d718b52beb812ea2a7bd68f812d0920b00937804d52d31d41bb71aa5557",
                "sha256:7dba96a85cd37315529998e6dbbe3fa05c2344eb19a431dc24996be030a904ee",
                "sha256:81b5264d9752f49286bc1dc4d2cc66187418c4948a326dbed837c766c9892139",
                "sha256:836d69a9543d284976b229cc8d4343ffcfc0bbaf05239e13fb7e613b13d5291d",
                "sha256:86bb3f6e8cce62ad18cd34eb2eadd091d99f51b40be81c929b53fbd8fecf6d90",
                "sha256:8afd3d5610e1086f3b2d8389d66672ea78624516912c93612de64dcaa4c67e05",
                "sha256:8b6326fd0755761e3ee999e4bf90339e869fe71d548b679fee89157858b8d04a",
                "sha256:91ea46fea7259abdfabe00b0ed3a9ca18e7fff7ce80d2a2c66a28f797cce838a",
                "sha256:9788e6e15db0910fb8e1548ba7540799d07066177710590a5794a524c4910e05",
                "sha256:98cc376199c0aa6e9365d03e0f4e67cfb209e40fe9c0cf566372f9daf2a0c779",
                "sha256:a2cfd39baa5d82768d2a8898de7bfd450a083ef22b837d57e5dc1b6de3244218",
                "sha256:a62edd533d330aa61902ae8cd82966affa487fa337a0c4f58ae8866ccb5d31c0",
                "sha256:a6c8f3f8c26d35eefe45b849c81fd0816ba4b6f589baec7357c25b4c5537d3c4",
                "sha256:ab930735112c1f788cc4d47c42c59ba0dd214d815aa906e1addf39af91d15194",
                "sha256:b3fae238751ec0db6377b2106e13762ca84dbe104bd44c1ce9b424163aef4ab5",
                "sha256:b67b7d028c9cf68215376662fd2e0be6ca0cc02d32d3ed8514fec67b12db9cbd",
                "sha256:c2eeec7beaebfe9e2213b3c94b482381187d0afdcb632f93239b44dc668b97df",
                "sha256:ccaf786e747b126a5b3b9a8f5ffbb6a20c5f528775cc7084c95732ca72606fba",
                "sha256:d19bb54197155d045a2b683d993026d4bcb06e31c2acad0327e3e8711571899c",
                "sha256:e2ea4424d0be62fe18c843420284a0907bcb38d577062d62c4b75a8e940e6057",
                "sha256:e5085d11345484c0097898994bb3f515002e7e1deeb43dd11d30dd6f45402c49",
                "sha256:eba192274538617bbe60097a013d83637f1a5ba9844bbbcf3ca7e43c6499b9d5",
                "sha256:eebd5aa9d8b1e33e715c5409544a712f13ec805bb0110d75f394ff28d2fb64ad",
                "sha256:f7b508813abbc100162d305a1ac9b2dd16e5128d56f2ac69639fc6a4b5aca69e",
                "sha256:ff0f7d3b1003a9ed0d06038f3f521a5ff0d3e056ec5111e2a78e303f98b815a7"
            ],
            "index": "pypi",
            "version": "==10.0.0"
        },
        "pillow": {
            "hashes": [
                "sha256:00e65f5e822decd501e374b0650146063fbb30a7264b4d2744bdd7b913e0cab5",
                "sha256:040586f7d37b34547153fa383f7f9aed68b738992380ac911447bb78f2abe530",
                "sha256:0b6eb5502f45a60a3f411c63187db83a3d3107887ad0d036c13ce836f8a36f1d",
                "sha256:1ce91b6ec08d866b14413d3f0bbdea7e24dfdc8e59f562bb77bc3fe60b6144ca",
                "sha256:1f62406a884ae75fb2f818694469519fb685cc7eaff05d3451a9ebe55c646891",
                "sha256:22c10cc517668d44b211717fd9775799ccec4124b9a7f7b3635fc5386e584992",
                "sha256:3400aae60685b06bb96f99a21e1ada7bc7a413d5f49bce739828ecd9391bb8f7",
                "sha256:349930d6e9c685c089284b013478d6f76e3a534e36ddfa912cde493f235372f3",
                "sha256:368ab3dfb5f49e312231b6f27b8820c823652b7cd29cfbd34090565a015e99ba",
                "sha256:38250a349b6b390ee6047a62c086d3817ac69022c127f8a5dc058c31ccef17f3",
                "sha256:3a684105f7c32488f7153905a4e3015a3b6c7182e106fe3c37fbb5ef3e6994c3",
                "sha256:3a82c40d706d9aa9734289740ce26460a11aeec2d9c79b7af87bb35f0073c12f",
                "sha256:3b08d4cc24f471b2c8ca24ec060abf4bebc6b144cb89cba638c720546b1cf538",
                "sha256:3ed64f9ca2f0a95411e88a4efbd7a29e5ce2cea36072c53dd9d26d9c76f753b3",
                "sha256:3f07ea8d2f827d7d2a49ecf1639ec02d75ffd1b88dcc5b3a61bbb37a8759ad8d",
                "sha256:520f2a520dc040512699f20fa1c363eed506e94248d71f85412b625026f6142c",
                "sha256:5c6e3df6bdd396749bafd45314871b3d0af81ff935b2d188385e970052091017",
                "sha256:608bfdee0d57cf297d32bcbb3c728dc1da0907519d1784962c5f0c68bb93e5a3",
                "sha256:685ac03cc4ed5ebc15ad5c23bc555d68a87777586d970c2c3e216619a5476223",
                "sha256:76de421f9c326da8f43d690110f0e79fe3ad1e54be811545d7d91898b4c8493e",
                "sha256:76edb0a1fa2b4745fb0c99fb9fb98f8b180a1bbceb8be49b087e0b21867e77d3",
                "sha256:7be600823e4c8631b74e4a0d38384c73f680e6105a7d3c6824fcf226c178c7e6",
                "sha256:81ff539a12457809666fef6624684c008e00ff6bf455b4b89fd00a140eecd640",
                "sha256:88af2003543cc40c80f6fca01411892ec52b11021b3dc22ec3bc9d5afd1c5334",
                "sha256:8c11160913e3dd06c8ffdb5f233a4f254cb449f4dfc0f8f4549eda9e542c93d1",
                "sha256:8f8182b523b2289f7c415f589118228d30ac8c355baa2f3194ced084dac2dbba",
                "sha256:9211e7ad69d7c9401cfc0e23d49b69ca65ddd898976d660a2fa5904e3d7a9baa",
                "sha256:92be919bbc9f7d09f7ae343c38f5bb21c973d2576c1d45600fce4b74bafa7ac0",
                "sha256:9c82b5b3e043c7af0d95792d0d20ccf68f61a1fec6b3530e718b688422727396",
                "sha256:9f7c16705f44e0504a3a2a14197c1f0b32a95731d251777dcb060aa83022cb2d",
                "sha256:9fb218c8a12e51d7ead2a7c9e101a04982237d4855716af2e9499306728fb485",
                "sha256:a74ba0c356aaa3bb8e3eb79606a87669e7ec6444be352870623025d75a14a2bf",
                "sha256:b4f69b3700201b80bb82c3a97d5e9254084f6dd5fb5b16fc1a7b974260f89f43",
                "sha256:bc2ec7c7b5d66b8ec9ce9f720dbb5fa4bace0f545acd34870eff4a369b44bf37",
                "sha256:c189af0545965fa8d3b9613cfdb0cd37f9d71349e0f7750e1fd704648d475ed2",
                "sha256:c1fbe7621c167ecaa38ad29643d77a9ce7311583761abf7836e1510c580bf3dd",
                "sha256:c7cf14a27b0d6adfaebb3ae4153f1e516df54e47e42dcc073d7b3d76111a8d86",
                "sha256:c9f72a021fbb792ce98306ffb0c348b3c9cb967dce0f12a49aa4c3d3fdefa967",
                "sha256:cd25d2a9d2b36fcb318882481367956d2cf91329f6892fe5d385c346c0649629",
                "sha256:ce543ed15570eedbb85df19b0a1a7314a9c8141a36ce089c0a894adbfccb4568",
                "sha256:ce7b031a6fc11365970e6a5686d7ba8c63e4c1cf1ea143811acbb524295eabed",
                "sha256:d35e3c8d9b1268cbf5d3670285feb3528f6680420eafe35cccc686b73c1e330f",
                "sha256:d50b6aec14bc737742ca96e85d6d0a5f9bfbded018264b3b70ff9d8c33485551",
                "sha256:d5d0dae4cfd56969d23d94dc8e89fb6a217be461c69090768227beb8ed28c0a3",
                "sha256:d5db32e2a6ccbb3d34d87c87b432959e0db29755727afb37290e10f6e8e62614",
                "sha256:d72e2ecc68a942e8cf9739619b7f408cc7b272b279b56b2c83c6123fcfa5cdff",
                "sha256:d737a602fbd82afd892ca746392401b634e278cb65d55c4b7a8f48e9ef8d008d",
                "sha256:d80cf684b541685fccdd84c485b31ce73fc5c9b5d7523bf1394ce134a60c6883",
                "sha256:db24668940f82321e746773a4bc617bfac06ec831e5c88b643f91f122a785684",
                "sha256:dbc02381779d412145331789b40cc7b11fdf449e5d94f6bc0b080db0a56ea3f0",
                "sha256:dffe31a7f47b603318c609f378ebcd57f1554a3a6a8effbc59c3c69f804296de",
                "sha256:edf4392b77bdc81f36e92d3a07a5cd072f90253197f4a52a55a8cec48a12483b",
                "sha256:efe8c0681042536e0d06c11f48cebe759707c9e9abf880ee213541c5b46c5bf3",
                "sha256:f31f9fdbfecb042d046f9d91270a0ba28368a723302786c0009ee9b9f1f60199",
                "sha256:f88a0b92277de8e3ca715a0d79d68dc82807457dae3ab8699c758f07c20b3c51",
                "sha256:faaf07ea35355b01a35cb442dd950d8f1bb5b040a7787791a535de13db15ed90"
            ],
            "index": "pypi",
            "version": "==10.0.0"
        },
        "progressbar2": {
            "hashes": [
                "sha256:1393922fcb64598944ad457569fbeb4b3ac189ef50b5adb9cef3284e87e394ce",
                "sha256:1a8e201211f99a85df55f720b3b6da7fb5c8cdef56792c4547205be2de5ea606"
            ],
            "index": "pypi",
            "version": "==4.2.0"
        },
        "python-utils": {
            "hashes": [
                "sha256:1970468fff1c0adbd60b9a751e6a786223a9f0373c954571912d9cf4be49b552",
                "sha256:e31c1187168c314c984932e99c2d3f973465443493869ae041dd9e2e18e998aa"
            ],
            "markers": "python_version >= '3.9'",
            "version": "==3.7.0"
        },
        "typing-extensions": {
            "hashes": [
                "sha256:440d5dd3af93b060174bf433bccd69b0babc3b15b1a8dca43789fd7f61514b36",
                "sha256:b75ddc264f0ba5615db7ba217daeb99701ad295353c45f9e95963337ceeeffb2"
            ],
            "markers": "python_version >= '3.7'",
            "version": "==4.7.1"
        }
    },
    "develop": {}
}
